# THIS IS AN AUTOGENERATED FILE. DO NOT EDIT THIS FILE DIRECTLY.
# yarn lockfile v1


"@mattiasbuelens/web-streams-polyfill@0.1.0-alpha.4":
  version "0.1.0-alpha.4"
  resolved "https://registry.yarnpkg.com/@mattiasbuelens/web-streams-polyfill/-/web-streams-polyfill-0.1.0-alpha.4.tgz#fde9688fac83ff40e3be1a01973c867e12a74492"
  dependencies:
    "@types/whatwg-streams" "0.0.5"

"@types/whatwg-streams@0.0.5":
  version "0.0.5"
  resolved "https://registry.yarnpkg.com/@types/whatwg-streams/-/whatwg-streams-0.0.5.tgz#66c3852b8e33f2a2ca225a6d8fd8096e34d17fe6"

address-rfc2822@^2.0.3:
  version "2.0.4"
  resolved "https://registry.yarnpkg.com/address-rfc2822/-/address-rfc2822-2.0.4.tgz#2dbd3b8d6c2de1e957c1a8549dc012d40bbc3431"
  dependencies:
    email-addresses "^3.0.0"

aes-js@^3.1.1:
  version "3.1.1"
  resolved "https://registry.yarnpkg.com/aes-js/-/aes-js-3.1.1.tgz#89fd1f94ae51b4c72d62466adc1a7323ff52f072"

amdefine@~1.0.0:
  version "1.0.1"
  resolved "https://registry.yarnpkg.com/amdefine/-/amdefine-1.0.1.tgz#4a5282ac164729e93619bcfd3ad151f817ce91f5"

"asmcrypto.js@github:openpgpjs/asmcrypto":
  version "2.3.0"
  resolved "https://codeload.github.com/openpgpjs/asmcrypto/tar.gz/6e4e407b9b8ae317925a9e677cc7b4de3e447e83"

asn1.js@^5.0.0:
  version "5.0.1"
  resolved "https://registry.yarnpkg.com/asn1.js/-/asn1.js-5.0.1.tgz#7668b56416953f0ce3421adbb3893ace59c96f59"
  dependencies:
    bn.js "^4.0.0"
    inherits "^2.0.1"
    minimalistic-assert "^1.0.0"

base64-js@^1.0.2:
  version "1.3.0"
  resolved "https://registry.yarnpkg.com/base64-js/-/base64-js-1.3.0.tgz#cab1e6118f051095e58b5281aea8c1cd22bfc0e3"

bn.js@^4.0.0, bn.js@^4.11.8, bn.js@^4.4.0:
  version "4.11.8"
  resolved "https://registry.yarnpkg.com/bn.js/-/bn.js-4.11.8.tgz#2cde09eb5ee341f484746bb0309b3253b1b1442f"

brorand@^1.0.1:
  version "1.1.0"
  resolved "https://registry.yarnpkg.com/brorand/-/brorand-1.1.0.tgz#12c25efe40a45e3c323eb8675a0a0ce57b22371f"

buffer@^5.0.8:
  version "5.2.1"
  resolved "https://registry.yarnpkg.com/buffer/-/buffer-5.2.1.tgz#dd57fa0f109ac59c602479044dca7b8b3d0b71d6"
  dependencies:
    base64-js "^1.0.2"
    ieee754 "^1.1.4"

commander@~2.8.1:
  version "2.8.1"
  resolved "http://registry.npmjs.org/commander/-/commander-2.8.1.tgz#06be367febfda0c330aa1e2a072d3dc9762425d4"
  dependencies:
    graceful-readlink ">= 1.0.0"

"compressjs@github:openpgpjs/compressjs":
  version "1.0.3-git"
  resolved "https://codeload.github.com/openpgpjs/compressjs/tar.gz/bfbb371a34d1750afa34bfa49156461acdab79a9"
  dependencies:
    amdefine "~1.0.0"
    commander "~2.8.1"

"elliptic@github:openpgpjs/elliptic":
  version "6.4.0"
  resolved "https://codeload.github.com/openpgpjs/elliptic/tar.gz/e187e706e11fa51bcd20e46e5119054be4e2a4a6"
  dependencies:
    bn.js "^4.4.0"
    brorand "^1.0.1"
    hash.js "^1.0.0"
    hmac-drbg "^1.0.0"
    inherits "^2.0.1"
    minimalistic-assert "^1.0.0"
    minimalistic-crypto-utils "^1.0.0"

email-addresses@^3.0.0:
  version "3.0.1"
  resolved "https://registry.yarnpkg.com/email-addresses/-/email-addresses-3.0.1.tgz#c1fc20c189e7f96d4012d375db5feaccdd24391c"

graceful-fs@^4.1.11:
  version "4.1.11"
  resolved "https://registry.yarnpkg.com/graceful-fs/-/graceful-fs-4.1.11.tgz#0e8bdfe4d1ddb8854d64e04ea7c00e2a026e5658"

"graceful-readlink@>= 1.0.0":
  version "1.0.1"
  resolved "https://registry.yarnpkg.com/graceful-readlink/-/graceful-readlink-1.0.1.tgz#4cafad76bc62f02fa039b2f94e9a3dd3a391a725"

hash.js@^1.0.0, hash.js@^1.0.3, hash.js@^1.1.3:
  version "1.1.5"
  resolved "https://registry.yarnpkg.com/hash.js/-/hash.js-1.1.5.tgz#e38ab4b85dfb1e0c40fe9265c0e9b54854c23812"
  dependencies:
    inherits "^2.0.3"
    minimalistic-assert "^1.0.1"

hmac-drbg@^1.0.0:
  version "1.0.1"
  resolved "https://registry.yarnpkg.com/hmac-drbg/-/hmac-drbg-1.0.1.tgz#d2745701025a6c775a6c545793ed502fc0c649a1"
  dependencies:
    hash.js "^1.0.3"
    minimalistic-assert "^1.0.0"
    minimalistic-crypto-utils "^1.0.1"

ieee754@^1.1.4:
  version "1.1.12"
  resolved "https://registry.yarnpkg.com/ieee754/-/ieee754-1.1.12.tgz#50bf24e5b9c8bb98af4964c941cdb0918da7b60b"

immediate@~3.0.5:
  version "3.0.6"
  resolved "https://registry.yarnpkg.com/immediate/-/immediate-3.0.6.tgz#9db1dbd0faf8de6fbe0f5dd5e56bb606280de69b"

imurmurhash@^0.1.4:
  version "0.1.4"
  resolved "https://registry.yarnpkg.com/imurmurhash/-/imurmurhash-0.1.4.tgz#9218b9b2b928a238b13dc4fb6b6d576f231453ea"

inherits@^2.0.1, inherits@^2.0.3:
  version "2.0.3"
  resolved "https://registry.yarnpkg.com/inherits/-/inherits-2.0.3.tgz#633c2c83e3da42a502f52466022480f4208261de"

is-absolute@^0.2.6:
  version "0.2.6"
  resolved "https://registry.yarnpkg.com/is-absolute/-/is-absolute-0.2.6.tgz#20de69f3db942ef2d87b9c2da36f172235b1b5eb"
  dependencies:
    is-relative "^0.2.1"
    is-windows "^0.2.0"

is-relative@^0.2.1:
  version "0.2.1"
  resolved "https://registry.yarnpkg.com/is-relative/-/is-relative-0.2.1.tgz#d27f4c7d516d175fb610db84bbeef23c3bc97aa5"
  dependencies:
    is-unc-path "^0.1.1"

is-unc-path@^0.1.1:
  version "0.1.2"
  resolved "https://registry.yarnpkg.com/is-unc-path/-/is-unc-path-0.1.2.tgz#6ab053a72573c10250ff416a3814c35178af39b9"
  dependencies:
    unc-path-regex "^0.1.0"

is-windows@^0.2.0:
  version "0.2.0"
  resolved "https://registry.yarnpkg.com/is-windows/-/is-windows-0.2.0.tgz#de1aa6d63ea29dd248737b69f1ff8b8002d2108c"

lie@3.1.1:
  version "3.1.1"
  resolved "https://registry.yarnpkg.com/lie/-/lie-3.1.1.tgz#9a436b2cc7746ca59de7a41fa469b3efb76bd87e"
  dependencies:
    immediate "~3.0.5"

localforage@^1.7.2:
  version "1.7.2"
  resolved "https://registry.yarnpkg.com/localforage/-/localforage-1.7.2.tgz#fa4442602f806edd2bca6a54ab4e656f031f121c"
  dependencies:
    lie "3.1.1"

minimalistic-assert@^1.0.0, minimalistic-assert@^1.0.1:
  version "1.0.1"
  resolved "https://registry.yarnpkg.com/minimalistic-assert/-/minimalistic-assert-1.0.1.tgz#2e194de044626d4a10e7f7fbc00ce73e83e4d5c7"

minimalistic-crypto-utils@^1.0.0, minimalistic-crypto-utils@^1.0.1:
  version "1.0.1"
  resolved "https://registry.yarnpkg.com/minimalistic-crypto-utils/-/minimalistic-crypto-utils-1.0.1.tgz#f6c00c1c0b082246e5c4d99dfb8c7c083b2b582a"

minimist@0.0.8:
  version "0.0.8"
  resolved "http://registry.npmjs.org/minimist/-/minimist-0.0.8.tgz#857fcabfc3397d2625b8228262e86aa7a011b05d"

mkdirp@~0.5.1:
  version "0.5.1"
  resolved "http://registry.npmjs.org/mkdirp/-/mkdirp-0.5.1.tgz#30057438eac6cf7f8c4767f38648d6697d75c903"
  dependencies:
    minimist "0.0.8"

node-fetch@^2.1.2:
  version "2.2.0"
  resolved "https://registry.yarnpkg.com/node-fetch/-/node-fetch-2.2.0.tgz#4ee79bde909262f9775f731e3656d0db55ced5b5"

node-localstorage@~1.3.0:
  version "1.3.1"
  resolved "http://registry.npmjs.org/node-localstorage/-/node-localstorage-1.3.1.tgz#3177ef42837f398aee5dd75e319b281e40704243"
  dependencies:
    write-file-atomic "^1.1.4"

node-persist@^3.0.1:
  version "3.0.1"
  resolved "https://registry.yarnpkg.com/node-persist/-/node-persist-3.0.1.tgz#e80d36ad7bf93e75ffaccd407ac1c6e4ade935c6"
  dependencies:
    is-absolute "^0.2.6"
    mkdirp "~0.5.1"

openpgp@^4.0.0:
  version "4.0.2"
  resolved "https://registry.yarnpkg.com/openpgp/-/openpgp-4.0.2.tgz#f2247fc0e62487b72047a0f6eb89222f79df00ec"
  dependencies:
    "@mattiasbuelens/web-streams-polyfill" "0.1.0-alpha.4"
    address-rfc2822 "^2.0.3"
    asmcrypto.js "github:openpgpjs/asmcrypto"
    asn1.js "^5.0.0"
    bn.js "^4.11.8"
    buffer "^5.0.8"
    compressjs "github:openpgpjs/compressjs"
    elliptic "github:openpgpjs/elliptic"
    hash.js "^1.1.3"
    node-fetch "^2.1.2"
    node-localstorage "~1.3.0"
    pako "^1.0.6"
    web-stream-tools "github:openpgpjs/web-stream-tools"

pako@^1.0.6:
  version "1.0.6"
  resolved "https://registry.yarnpkg.com/pako/-/pako-1.0.6.tgz#0101211baa70c4bca4a0f63f2206e97b7dfaf258"

slide@^1.1.5:
  version "1.1.6"
  resolved "https://registry.yarnpkg.com/slide/-/slide-1.1.6.tgz#56eb027d65b4d2dce6cb2e2d32c4d4afc9e1d707"

"subspace-crypto@https://www.github.com/subspace/crypto.git":
  version "0.0.1"
  resolved "https://www.github.com/subspace/crypto.git#368e8bc6a21e08f8005a549bd5432960d8684c35"
  dependencies:
    aes-js "^3.1.1"
    openpgp "^4.0.0"
    typescript "^3.0.1"

"subspace-profile@https://www.github.com/subspace/profile.git":
  version "1.0.0"
  resolved "https://www.github.com/subspace/profile.git#de0bb2353315380149519b15866f3f4c4516ee1e"
  dependencies:
    subspace-crypto "https://www.github.com/subspace/crypto.git"

"subspace-storage@https://www.github.com/subspace/storage.git":
  version "1.0.0"
  resolved "https://www.github.com/subspace/storage.git#b40d7218a07852ae9d6428a182dd5ec650f1c70a"
  dependencies:
    localforage "^1.7.2"
    node-persist "^3.0.1"

typescript@^3.0.1:
  version "3.0.3"
  resolved "https://registry.yarnpkg.com/typescript/-/typescript-3.0.3.tgz#4853b3e275ecdaa27f78fda46dc273a7eb7fc1c8"

unc-path-regex@^0.1.0:
  version "0.1.2"
  resolved "https://registry.yarnpkg.com/unc-path-regex/-/unc-path-regex-0.1.2.tgz#e73dd3d7b0d7c5ed86fbac6b0ae7d8c6a69d50fa"

"web-stream-tools@github:openpgpjs/web-stream-tools":
  version "0.0.1"
  resolved "https://codeload.github.com/openpgpjs/web-stream-tools/tar.gz/9ab800d46add161db496506d67338202ad0114ce"

write-file-atomic@^1.1.4:
  version "1.3.4"
  resolved "https://registry.yarnpkg.com/write-file-atomic/-/write-file-atomic-1.3.4.tgz#f807a4f0b1d9e913ae7a48112e6cc3af1991b45f"
  dependencies:
    graceful-fs "^4.1.11"
    imurmurhash "^0.1.4"
    slide "^1.1.5"
